// !$*UTF8*$!
{
	archiveVersion = 1;
	classes = {
	};
	objectVersion = 77;
	objects = {

/* Begin PBXBuildFile section */
		004D1293FB22774C11392D96 /* SpotifyUser.swift in Sources */ = {isa = PBXBuildFile; fileRef = 1EE4DF865E617B08EB3B0741 /* SpotifyUser.swift */; };
		0C8DBBA9E3C621E23F389E6C /* CachedBPM.swift in Sources */ = {isa = PBXBuildFile; fileRef = E443905E08D5A456779B4A8E /* CachedBPM.swift */; };
		126F4939399F4A928811E639 /* BeatStepTests.swift in Sources */ = {isa = PBXBuildFile; fileRef = 6274DEE660A35399701FA544 /* BeatStepTests.swift */; };
		1B9FE1F5B9EA81A1566F6282 /* GetSongBPMResponse.swift in Sources */ = {isa = PBXBuildFile; fileRef = D166178F00CF25146611C6FB /* GetSongBPMResponse.swift */; };
		1D5883183D461FAA314B3D3B /* SpotifyiOS in Frameworks */ = {isa = PBXBuildFile; productRef = 1D645A47023EFFA3D0BA0FD8 /* SpotifyiOS */; };
		219D466C7F9D7A3385E66C4D /* SensorLabServiceTests.swift in Sources */ = {isa = PBXBuildFile; fileRef = E0A69F3C907AA4DCD18E73FB /* SensorLabServiceTests.swift */; };
		25024A5C45AB2EE524CE7FEF /* GetSongBPMServiceTests.swift in Sources */ = {isa = PBXBuildFile; fileRef = C175DDFE0853F22B85082A2F /* GetSongBPMServiceTests.swift */; };
		273DBBD1724C49CD902EACA8 /* LibraryScanServiceTests.swift in Sources */ = {isa = PBXBuildFile; fileRef = ACACB0CB17A1CB562DE23B57 /* LibraryScanServiceTests.swift */; };
		280FE96EC7CE420EBABD5DB8 /* PlaylistDetailView.swift in Sources */ = {isa = PBXBuildFile; fileRef = 35908E9591D37AF34E26E975 /* PlaylistDetailView.swift */; };
		2B25F48FD49DDD38D8276278 /* OnboardingFlow.swift in Sources */ = {isa = PBXBuildFile; fileRef = 813BDED9D3A2037960FA19C5 /* OnboardingFlow.swift */; };
		2B2DC5471E50AB176E0E0492 /* BPMToleranceTests.swift in Sources */ = {isa = PBXBuildFile; fileRef = D413FF5901AC08B98D7F067E /* BPMToleranceTests.swift */; };
		2B7F7CC7200BB1BE71391D56 /* OnboardingZonesView.swift in Sources */ = {isa = PBXBuildFile; fileRef = 921DA572AE78734B11336F42 /* OnboardingZonesView.swift */; };
		2D30C68B62C2DE1EC7FB9202 /* ZoneSelectionTests.swift in Sources */ = {isa = PBXBuildFile; fileRef = EBFEA0F4F056316BF069F22A /* ZoneSelectionTests.swift */; };
		2D8DC08AF0A7904A7F9497F4 /* ContentView.swift in Sources */ = {isa = PBXBuildFile; fileRef = B53564AD8A26370E1D5CC4EB /* ContentView.swift */; };
		2D92B9B9B8CDCDCA222FD14A /* CadenceDisplayView.swift in Sources */ = {isa = PBXBuildFile; fileRef = 8585AB4840A20AC67069FCF7 /* CadenceDisplayView.swift */; };
		2F0B91C5A2E93128612EF29B /* SpotifyPlaylist.swift in Sources */ = {isa = PBXBuildFile; fileRef = B88F5A5153F1EE34D366F68D /* SpotifyPlaylist.swift */; };
		3414E11A00864E259B571BA0 /* RampPhaseIndicator.swift in Sources */ = {isa = PBXBuildFile; fileRef = 1B463417D83CA9C68F306968 /* RampPhaseIndicator.swift */; };
		348E71A2346F9E2EDB076023 /* SyncQuality.swift in Sources */ = {isa = PBXBuildFile; fileRef = FEEC19B8CE1F5084D56A0DC7 /* SyncQuality.swift */; };
		3633B91530BA99E13E412EB5 /* MiniPlayerView.swift in Sources */ = {isa = PBXBuildFile; fileRef = 3AFD9FA2CFE9DA4FBDF7AF11 /* MiniPlayerView.swift */; };
		36999C3EDE71B7C949354187 /* SpotifyTrack.swift in Sources */ = {isa = PBXBuildFile; fileRef = 3BC4B4C4C04970C1DC048EF6 /* SpotifyTrack.swift */; };
		370194D18DCDA5A737CD968E /* TrackCountTests.swift in Sources */ = {isa = PBXBuildFile; fileRef = E3C0C2D8AB5CCAD300237AD7 /* TrackCountTests.swift */; };
		3F4575EA4AC98EBE671CA5B5 /* CoreMotion.framework in Frameworks */ = {isa = PBXBuildFile; fileRef = E9CFFC1FF6EE943CB3B48020 /* CoreMotion.framework */; };
		41F1F675E36342CFA4903F98 /* AppIconGeneratorTests.swift in Sources */ = {isa = PBXBuildFile; fileRef = B60746642538598D6A6844BE /* AppIconGeneratorTests.swift */; };
		4BFFAA537876350BB16F2B44 /* MockPedometerData.swift in Sources */ = {isa = PBXBuildFile; fileRef = A14CC2671949AE629FDB00C4 /* MockPedometerData.swift */; };
		4C8D1EEB7BB065B7616DD07B /* LibraryScanService.swift in Sources */ = {isa = PBXBuildFile; fileRef = 6210815F378ADE4639D9F296 /* LibraryScanService.swift */; };
		51B17F9600A75F01E593792E /* OnboardingSpotifyView.swift in Sources */ = {isa = PBXBuildFile; fileRef = 628426AC68C273B86DFB3E70 /* OnboardingSpotifyView.swift */; };
		5267FFFF106C7E977E6BEAD1 /* BPMTolerance.swift in Sources */ = {isa = PBXBuildFile; fileRef = 70F275CA676707F7D92D5DFD /* BPMTolerance.swift */; };
		5611DC72ADDF5069C97F3B38 /* RunZone.swift in Sources */ = {isa = PBXBuildFile; fileRef = 39CB3E5849922042AF3236E5 /* RunZone.swift */; };
		5AF731B4891A953BB440EA69 /* GetSongBPMService.swift in Sources */ = {isa = PBXBuildFile; fileRef = 15B6030B08CCF44B01BD0A2D /* GetSongBPMService.swift */; };
		5CEA394D403E9B19AF0C5594 /* AudioSessionService.swift in Sources */ = {isa = PBXBuildFile; fileRef = CA1DA1AE4223F5E864B4ED0E /* AudioSessionService.swift */; };
		5DE6C3EE397A29346CAFD3C4 /* SyncQualityTests.swift in Sources */ = {isa = PBXBuildFile; fileRef = 37AD5391E7BD4E7DC62371C7 /* SyncQualityTests.swift */; };
		5FAB3093469F63F0D98A5929 /* MockGetSongBPMResponses.swift in Sources */ = {isa = PBXBuildFile; fileRef = 46A96BFA023D6CF3AADD5020 /* MockGetSongBPMResponses.swift */; };
		61E7C5C608B7FD481C5C440D /* OnboardingTests.swift in Sources */ = {isa = PBXBuildFile; fileRef = 0D8620533815733444854460 /* OnboardingTests.swift */; };
		6645D0DAE549131D63942C74 /* AppState.swift in Sources */ = {isa = PBXBuildFile; fileRef = B7DDBAC5E41BB0D7ABEB7EE7 /* AppState.swift */; };
		692A1F62DC6DFBC0D5166566 /* TempoMode.swift in Sources */ = {isa = PBXBuildFile; fileRef = F30F9B6F3CAB252555C44A46 /* TempoMode.swift */; };
		6BEDB7282D5E48187B944D80 /* Secrets.swift in Sources */ = {isa = PBXBuildFile; fileRef = B3DDB6111BB895CA6D9755DE /* Secrets.swift */; };
		6D82D0B3807BF022AD71CDFE /* BPMCacheServiceTests.swift in Sources */ = {isa = PBXBuildFile; fileRef = 1DCB7943A6528D4DCF3EF8E8 /* BPMCacheServiceTests.swift */; };
		6F3185D1A8E96A18DD79269F /* RunZoneTests.swift in Sources */ = {isa = PBXBuildFile; fileRef = F380312A6E3F3F1CBA484FC7 /* RunZoneTests.swift */; };
		7113B1A5EBC2FEF7084A3C4B /* SyncQuality+Color.swift in Sources */ = {isa = PBXBuildFile; fileRef = D5E4FA724FA05CFDAEC22CFC /* SyncQuality+Color.swift */; };
		737D7EABE7F317271B047DAF /* RampPhase.swift in Sources */ = {isa = PBXBuildFile; fileRef = 327FDEBEC96D40F7E4B829D3 /* RampPhase.swift */; };
		75F028DE1CD6EA1E54BF7CDF /* SpotifyPlayerService.swift in Sources */ = {isa = PBXBuildFile; fileRef = 0A75F1A96DAD38B70385AFC7 /* SpotifyPlayerService.swift */; };
		7DB8106A70167775807F7587 /* SpotifyAPIServiceTests.swift in Sources */ = {isa = PBXBuildFile; fileRef = AD674B0D591CAAA01C3130FC /* SpotifyAPIServiceTests.swift */; };
		7F4BF1B63B24CFBFB608DB82 /* BPMDiscoveryService.swift in Sources */ = {isa = PBXBuildFile; fileRef = 1EC3F32F251BB6DCD836C9C8 /* BPMDiscoveryService.swift */; };
		86AA40354A11365CD6B49A7B /* AccelerometerSample.swift in Sources */ = {isa = PBXBuildFile; fileRef = 90286678C1ACD3B0FB816DB5 /* AccelerometerSample.swift */; };
		8759BAC4EDE9798BF8F2A1A3 /* SpotifyAPIService.swift in Sources */ = {isa = PBXBuildFile; fileRef = AB8B969BF656CD1577C70007 /* SpotifyAPIService.swift */; };
		8866DBCB44FCC7BFDAA6861C /* CadenceDisplayTests.swift in Sources */ = {isa = PBXBuildFile; fileRef = 1928DFA06664B8F820777636 /* CadenceDisplayTests.swift */; };
		9608D1E9229B70C2D4EC9D5E /* ZoneSettingsRow.swift in Sources */ = {isa = PBXBuildFile; fileRef = 1485D4CA5D5D368744A7AB7F /* ZoneSettingsRow.swift */; };
		9B31ABED93B30F2521BD3FFB /* RunEngineService.swift in Sources */ = {isa = PBXBuildFile; fileRef = D6EDD84535C8229D0F349FB0 /* RunEngineService.swift */; };
		9E3E6ED089D66D6923E164F3 /* HealthKit.framework in Frameworks */ = {isa = PBXBuildFile; fileRef = 58BE84507EFFB1F8F27EEB2B /* HealthKit.framework */; settings = {ATTRIBUTES = (Weak, ); }; };
		9E8F37C2F5E7B7BEE6189208 /* RunTabView.swift in Sources */ = {isa = PBXBuildFile; fileRef = E37B727349C715B8A72C4C82 /* RunTabView.swift */; };
		A2362D6DF545D10B9C1A823C /* ScannedPlaylist.swift in Sources */ = {isa = PBXBuildFile; fileRef = AEFD8006EAEC905C01610361 /* ScannedPlaylist.swift */; };
		A527020101010101A5270201 /* BSHaptics.swift in Sources */ = {isa = PBXBuildFile; fileRef = A527020101010101A5270101 /* BSHaptics.swift */; };
		A527020101010101A5270202 /* BSAnimation.swift in Sources */ = {isa = PBXBuildFile; fileRef = A527020101010101A5270102 /* BSAnimation.swift */; };
		A54A585BC0B9BD2D7047D90C /* DesignTokens.swift in Sources */ = {isa = PBXBuildFile; fileRef = 19109252715D2142AD8C1454 /* DesignTokens.swift */; };
		A68DABD7AFB799E07674AEB4 /* RunStatusBar.swift in Sources */ = {isa = PBXBuildFile; fileRef = 4F954E8A3B5FBA64DE0D89F3 /* RunStatusBar.swift */; };
		A905FE474653C6DD0C2BF51D /* PlaylistListView.swift in Sources */ = {isa = PBXBuildFile; fileRef = 6E6A871BD7A4D4FD3B2608FA /* PlaylistListView.swift */; };
		AA16010101010101AA010102 /* LongPressStopButton.swift in Sources */ = {isa = PBXBuildFile; fileRef = AA16010101010101AA010101 /* LongPressStopButton.swift */; };
		AA16010101010101AA010104 /* LongPressStopTests.swift in Sources */ = {isa = PBXBuildFile; fileRef = AA16010101010101AA010103 /* LongPressStopTests.swift */; };
		AA16010101010101AA010106 /* ActiveRunView.swift in Sources */ = {isa = PBXBuildFile; fileRef = AA16010101010101AA010105 /* ActiveRunView.swift */; };
		AA16010101010101AA010108 /* ActiveRunViewTests.swift in Sources */ = {isa = PBXBuildFile; fileRef = AA16010101010101AA010107 /* ActiveRunViewTests.swift */; };
		AA1715CB53A13EA398630CA5 /* TolerancePicker.swift in Sources */ = {isa = PBXBuildFile; fileRef = 9F53B43A668691E6914501E3 /* TolerancePicker.swift */; };
		AA18010101010101AA010202 /* BPMConfidence.swift in Sources */ = {isa = PBXBuildFile; fileRef = AA18010101010101AA010201 /* BPMConfidence.swift */; };
		AA18010101010101AA010204 /* BPMSource.swift in Sources */ = {isa = PBXBuildFile; fileRef = AA18010101010101AA010203 /* BPMSource.swift */; };
		AA18010101010101AA010206 /* BPMConfidenceModelTests.swift in Sources */ = {isa = PBXBuildFile; fileRef = AA18010101010101AA010205 /* BPMConfidenceModelTests.swift */; };
		AA18010101010101AA010208 /* BPMCacheWritePathTests.swift in Sources */ = {isa = PBXBuildFile; fileRef = AA18010101010101AA010207 /* BPMCacheWritePathTests.swift */; };
		AA19010101010101AA010102 /* BPMInfo.swift in Sources */ = {isa = PBXBuildFile; fileRef = AA19010101010101AA010101 /* BPMInfo.swift */; };
		AA19010101010101AA010104 /* BPMConfidenceBadgeTests.swift in Sources */ = {isa = PBXBuildFile; fileRef = AA19010101010101AA010103 /* BPMConfidenceBadgeTests.swift */; };
		AA20010101010101AA010102 /* TapBPMEngine.swift in Sources */ = {isa = PBXBuildFile; fileRef = AA20010101010101AA010101 /* TapBPMEngine.swift */; };
		AA20010101010101AA010104 /* TapBPMEngineTests.swift in Sources */ = {isa = PBXBuildFile; fileRef = AA20010101010101AA010103 /* TapBPMEngineTests.swift */; };
		AA20020101010101AA010102 /* TapBPMView.swift in Sources */ = {isa = PBXBuildFile; fileRef = AA20020101010101AA010101 /* TapBPMView.swift */; };
		AA21010101010101AA010102 /* ZeroBPMFallback.swift in Sources */ = {isa = PBXBuildFile; fileRef = AA21010101010101AA010101 /* ZeroBPMFallback.swift */; };
		AA21010101010101AA010104 /* ZeroBPMFallbackTests.swift in Sources */ = {isa = PBXBuildFile; fileRef = AA21010101010101AA010103 /* ZeroBPMFallbackTests.swift */; };
		AB560042A7F124F1EAEA6BCD /* RunMode.swift in Sources */ = {isa = PBXBuildFile; fileRef = CC6A7E5FF989282D490A4C66 /* RunMode.swift */; };
		B0F8CD7F194C49276D8311DB /* ZoneBandView.swift in Sources */ = {isa = PBXBuildFile; fileRef = C612EE6690EA5303C11C2A3B /* ZoneBandView.swift */; };
		B39834F33F3D1A2801354ECC /* RunSession.swift in Sources */ = {isa = PBXBuildFile; fileRef = 5818164758316FF4BD59C44C /* RunSession.swift */; };
		B3D880FCD4650FA44C6A6E67 /* BeatStepApp.swift in Sources */ = {isa = PBXBuildFile; fileRef = 891C60D8560980C95D3F6E61 /* BeatStepApp.swift */; };
		BA8874F7D3FDA0EBB4354668 /* KeychainAccess in Frameworks */ = {isa = PBXBuildFile; productRef = F71ECCFE50CC9E0DBDAD3512 /* KeychainAccess */; };
		BC7C0B64872C218B4D74D6E8 /* SyncBackgroundModifier.swift in Sources */ = {isa = PBXBuildFile; fileRef = ECC7DFDB6E911FE4107BCB40 /* SyncBackgroundModifier.swift */; };
		BC943FDE5214755D5F4B798D /* MediaPlayer.framework in Frameworks */ = {isa = PBXBuildFile; fileRef = DDE56539C5B7C96F590519D1 /* MediaPlayer.framework */; };
		C0C23B120EDACFFA70E812CF /* CadenceServiceTests.swift in Sources */ = {isa = PBXBuildFile; fileRef = 40D44E12D78D4C936AFB8784 /* CadenceServiceTests.swift */; };
		C7473BF2D1FC10DA16C41CF4 /* CadenceService.swift in Sources */ = {isa = PBXBuildFile; fileRef = 78164965B7403F7D8CB49EC3 /* CadenceService.swift */; };
		C85CD7A43991A3F81B5A14F8 /* SpotifyError.swift in Sources */ = {isa = PBXBuildFile; fileRef = 2EB39C3B2920F997B27D9396 /* SpotifyError.swift */; };
		C917C59D3A0C398244915F94 /* ModelDecodingTests.swift in Sources */ = {isa = PBXBuildFile; fileRef = 5B8DE2A72602B504DACE8177 /* ModelDecodingTests.swift */; };
		CAC3FE8DBFFF14C88FF90371 /* BPMCacheService.swift in Sources */ = {isa = PBXBuildFile; fileRef = FEB07E38F6B451A11322F482 /* BPMCacheService.swift */; };
		CD48162EB3F1D31A0A1A9BD9 /* LastRunPlaylistTests.swift in Sources */ = {isa = PBXBuildFile; fileRef = 9C2C763D25E2D3570F632D0A /* LastRunPlaylistTests.swift */; };
		D1F229F05486EB35F79B3627 /* BPMViewWiringTests.swift in Sources */ = {isa = PBXBuildFile; fileRef = D27CDD1D5622D605F315F7CA /* BPMViewWiringTests.swift */; };
		D683E7205EB03266D6E402E5 /* SettingsView.swift in Sources */ = {isa = PBXBuildFile; fileRef = A82812B49FA131871ECBA508 /* SettingsView.swift */; };
		DCE0AF6AB958364A68FFEEB3 /* RunEngineServiceTests.swift in Sources */ = {isa = PBXBuildFile; fileRef = BE8FAB65795D9B7248FDDCC3 /* RunEngineServiceTests.swift */; };
		DE8DB96B1BA4595CD4CC3121 /* SpotifyAuthService.swift in Sources */ = {isa = PBXBuildFile; fileRef = F57F4BF6356B22D675CE604B /* SpotifyAuthService.swift */; };
		E07ECF040B0EDE7F34ABE206 /* SensorLabView.swift in Sources */ = {isa = PBXBuildFile; fileRef = EDB64E5F46DBAEB8C11BD228 /* SensorLabView.swift */; };
		E102A2FCE3D19A19B1FA353D /* OnboardingHealthView.swift in Sources */ = {isa = PBXBuildFile; fileRef = 20C661C6F478DBD57A4AE3AC /* OnboardingHealthView.swift */; };
		E1BAF8ECA423B5FD3BF2E1E5 /* SensorLabService.swift in Sources */ = {isa = PBXBuildFile; fileRef = 3A4C759B3C0A18D302F7CD86 /* SensorLabService.swift */; };
		E30F72B337974D6A6D9D94C8 /* PaginatedResponse.swift in Sources */ = {isa = PBXBuildFile; fileRef = C35322426C60E3601F3E3793 /* PaginatedResponse.swift */; };
		E5A89A415DA8BF17A21F630B /* LastRunPlaylist.swift in Sources */ = {isa = PBXBuildFile; fileRef = EE0D147DC55109AB2F68D3FA /* LastRunPlaylist.swift */; };
		E9426F5B6C7BC33EC9884D08 /* Assets.xcassets in Resources */ = {isa = PBXBuildFile; fileRef = 42650AD8D9D2C4B7B7328432 /* Assets.xcassets */; };
		E9746D829C481F3130954D4A /* MockSpotifyResponses.swift in Sources */ = {isa = PBXBuildFile; fileRef = 4A5B70810916CFBD9793F505 /* MockSpotifyResponses.swift */; };
		EA446206E85B736A1D25D982 /* SpotifyAuthServiceTests.swift in Sources */ = {isa = PBXBuildFile; fileRef = B74034E9B7A89BBF15C60005 /* SpotifyAuthServiceTests.swift */; };
		EBFFFEEED0CFB5EC1BABEC48 /* ZonePickerView.swift in Sources */ = {isa = PBXBuildFile; fileRef = C8DCEC81D9DB1A230835221A /* ZonePickerView.swift */; };
		F145D138492D8F816576D28D /* AVFoundation.framework in Frameworks */ = {isa = PBXBuildFile; fileRef = 50AD42E658902F242BCCC303 /* AVFoundation.framework */; };
		F405D9CAAF8AF5E13EF8DF9E /* DesignTokenTests.swift in Sources */ = {isa = PBXBuildFile; fileRef = 82BA911E66F47778D3963B1D /* DesignTokenTests.swift */; };
		FA15B1C2D9E74A3B8C01D5E1 /* RunPlayerView.swift in Sources */ = {isa = PBXBuildFile; fileRef = FA15B1C2D9E74A3B8C01D5E2 /* RunPlayerView.swift */; };
		FA15B1C2D9E74A3B8C01D5E3 /* RunPlayerViewTests.swift in Sources */ = {isa = PBXBuildFile; fileRef = FA15B1C2D9E74A3B8C01D5E4 /* RunPlayerViewTests.swift */; };
		FB232EA2C7B5463D38AA5AEE /* KeychainManager.swift in Sources */ = {isa = PBXBuildFile; fileRef = A3C51D6626191C4B83B3ADA4 /* KeychainManager.swift */; };
		FB67AACA35A67A85464C73B6 /* LoginView.swift in Sources */ = {isa = PBXBuildFile; fileRef = 5B62BEAC6E25BB5FF9AC45F2 /* LoginView.swift */; };
/* End PBXBuildFile section */

/* Begin PBXContainerItemProxy section */
		5E51B2BBE4CFB24D21635C84 /* PBXContainerItemProxy */ = {
			isa = PBXContainerItemProxy;
			containerPortal = 20563AE1C78F8E32EE69262F /* Project object */;
			proxyType = 1;
			remoteGlobalIDString = A78A28FD31F8B383B6F43662;
			remoteInfo = BeatStep;
		};
/* End PBXContainerItemProxy section */

/* Begin PBXFileReference section */
		02B44183152AC4CB07E0DA73 /* BeatStep.app */ = {isa = PBXFileReference; explicitFileType = wrapper.application; includeInIndex = 0; path = BeatStep.app; sourceTree = BUILT_PRODUCTS_DIR; };
		0A75F1A96DAD38B70385AFC7 /* SpotifyPlayerService.swift */ = {isa = PBXFileReference; lastKnownFileType = sourcecode.swift; path = SpotifyPlayerService.swift; sourceTree = "<group>"; };
		0D8620533815733444854460 /* OnboardingTests.swift */ = {isa = PBXFileReference; lastKnownFileType = sourcecode.swift; path = OnboardingTests.swift; sourceTree = "<group>"; };
		1485D4CA5D5D368744A7AB7F /* ZoneSettingsRow.swift */ = {isa = PBXFileReference; lastKnownFileType = sourcecode.swift; path = ZoneSettingsRow.swift; sourceTree = "<group>"; };
		15B6030B08CCF44B01BD0A2D /* GetSongBPMService.swift */ = {isa = PBXFileReference; lastKnownFileType = sourcecode.swift; path = GetSongBPMService.swift; sourceTree = "<group>"; };
		19109252715D2142AD8C1454 /* DesignTokens.swift */ = {isa = PBXFileReference; lastKnownFileType = sourcecode.swift; path = DesignTokens.swift; sourceTree = "<group>"; };
		A527020101010101A5270101 /* BSHaptics.swift */ = {isa = PBXFileReference; lastKnownFileType = sourcecode.swift; path = BSHaptics.swift; sourceTree = "<group>"; };
		A527020101010101A5270102 /* BSAnimation.swift */ = {isa = PBXFileReference; lastKnownFileType = sourcecode.swift; path = BSAnimation.swift; sourceTree = "<group>"; };
		1928DFA06664B8F820777636 /* CadenceDisplayTests.swift */ = {isa = PBXFileReference; lastKnownFileType = sourcecode.swift; path = CadenceDisplayTests.swift; sourceTree = "<group>"; };
		1B463417D83CA9C68F306968 /* RampPhaseIndicator.swift */ = {isa = PBXFileReference; lastKnownFileType = sourcecode.swift; path = RampPhaseIndicator.swift; sourceTree = "<group>"; };
		1DCB7943A6528D4DCF3EF8E8 /* BPMCacheServiceTests.swift */ = {isa = PBXFileReference; lastKnownFileType = sourcecode.swift; path = BPMCacheServiceTests.swift; sourceTree = "<group>"; };
		1EC3F32F251BB6DCD836C9C8 /* BPMDiscoveryService.swift */ = {isa = PBXFileReference; lastKnownFileType = sourcecode.swift; path = BPMDiscoveryService.swift; sourceTree = "<group>"; };
		1EE4DF865E617B08EB3B0741 /* SpotifyUser.swift */ = {isa = PBXFileReference; lastKnownFileType = sourcecode.swift; path = SpotifyUser.swift; sourceTree = "<group>"; };
		20C661C6F478DBD57A4AE3AC /* OnboardingHealthView.swift */ = {isa = PBXFileReference; lastKnownFileType = sourcecode.swift; path = OnboardingHealthView.swift; sourceTree = "<group>"; };
		2EB39C3B2920F997B27D9396 /* SpotifyError.swift */ = {isa = PBXFileReference; lastKnownFileType = sourcecode.swift; path = SpotifyError.swift; sourceTree = "<group>"; };
		327FDEBEC96D40F7E4B829D3 /* RampPhase.swift */ = {isa = PBXFileReference; lastKnownFileType = sourcecode.swift; path = RampPhase.swift; sourceTree = "<group>"; };
		35908E9591D37AF34E26E975 /* PlaylistDetailView.swift */ = {isa = PBXFileReference; lastKnownFileType = sourcecode.swift; path = PlaylistDetailView.swift; sourceTree = "<group>"; };
		37AD5391E7BD4E7DC62371C7 /* SyncQualityTests.swift */ = {isa = PBXFileReference; lastKnownFileType = sourcecode.swift; path = SyncQualityTests.swift; sourceTree = "<group>"; };
		39CB3E5849922042AF3236E5 /* RunZone.swift */ = {isa = PBXFileReference; lastKnownFileType = sourcecode.swift; path = RunZone.swift; sourceTree = "<group>"; };
		3A4C759B3C0A18D302F7CD86 /* SensorLabService.swift */ = {isa = PBXFileReference; includeInIndex = 1; lastKnownFileType = sourcecode.swift; path = SensorLabService.swift; sourceTree = "<group>"; };
		3AFD9FA2CFE9DA4FBDF7AF11 /* MiniPlayerView.swift */ = {isa = PBXFileReference; lastKnownFileType = sourcecode.swift; path = MiniPlayerView.swift; sourceTree = "<group>"; };
		3BC4B4C4C04970C1DC048EF6 /* SpotifyTrack.swift */ = {isa = PBXFileReference; lastKnownFileType = sourcecode.swift; path = SpotifyTrack.swift; sourceTree = "<group>"; };
		40D44E12D78D4C936AFB8784 /* CadenceServiceTests.swift */ = {isa = PBXFileReference; lastKnownFileType = sourcecode.swift; path = CadenceServiceTests.swift; sourceTree = "<group>"; };
		42650AD8D9D2C4B7B7328432 /* Assets.xcassets */ = {isa = PBXFileReference; lastKnownFileType = folder.assetcatalog; path = Assets.xcassets; sourceTree = "<group>"; };
		46A96BFA023D6CF3AADD5020 /* MockGetSongBPMResponses.swift */ = {isa = PBXFileReference; lastKnownFileType = sourcecode.swift; path = MockGetSongBPMResponses.swift; sourceTree = "<group>"; };
		4A5B70810916CFBD9793F505 /* MockSpotifyResponses.swift */ = {isa = PBXFileReference; lastKnownFileType = sourcecode.swift; path = MockSpotifyResponses.swift; sourceTree = "<group>"; };
		4F954E8A3B5FBA64DE0D89F3 /* RunStatusBar.swift */ = {isa = PBXFileReference; lastKnownFileType = sourcecode.swift; path = RunStatusBar.swift; sourceTree = "<group>"; };
		50AD42E658902F242BCCC303 /* AVFoundation.framework */ = {isa = PBXFileReference; lastKnownFileType = wrapper.framework; name = AVFoundation.framework; path = System/Library/Frameworks/AVFoundation.framework; sourceTree = SDKROOT; };
		5818164758316FF4BD59C44C /* RunSession.swift */ = {isa = PBXFileReference; lastKnownFileType = sourcecode.swift; path = RunSession.swift; sourceTree = "<group>"; };
		58BE84507EFFB1F8F27EEB2B /* HealthKit.framework */ = {isa = PBXFileReference; lastKnownFileType = wrapper.framework; name = HealthKit.framework; path = System/Library/Frameworks/HealthKit.framework; sourceTree = SDKROOT; };
		5B62BEAC6E25BB5FF9AC45F2 /* LoginView.swift */ = {isa = PBXFileReference; lastKnownFileType = sourcecode.swift; path = LoginView.swift; sourceTree = "<group>"; };
		5B8DE2A72602B504DACE8177 /* ModelDecodingTests.swift */ = {isa = PBXFileReference; lastKnownFileType = sourcecode.swift; path = ModelDecodingTests.swift; sourceTree = "<group>"; };
		6210815F378ADE4639D9F296 /* LibraryScanService.swift */ = {isa = PBXFileReference; lastKnownFileType = sourcecode.swift; path = LibraryScanService.swift; sourceTree = "<group>"; };
		6274DEE660A35399701FA544 /* BeatStepTests.swift */ = {isa = PBXFileReference; lastKnownFileType = sourcecode.swift; path = BeatStepTests.swift; sourceTree = "<group>"; };
		628426AC68C273B86DFB3E70 /* OnboardingSpotifyView.swift */ = {isa = PBXFileReference; lastKnownFileType = sourcecode.swift; path = OnboardingSpotifyView.swift; sourceTree = "<group>"; };
		6E6A871BD7A4D4FD3B2608FA /* PlaylistListView.swift */ = {isa = PBXFileReference; lastKnownFileType = sourcecode.swift; path = PlaylistListView.swift; sourceTree = "<group>"; };
		70F275CA676707F7D92D5DFD /* BPMTolerance.swift */ = {isa = PBXFileReference; lastKnownFileType = sourcecode.swift; path = BPMTolerance.swift; sourceTree = "<group>"; };
		78164965B7403F7D8CB49EC3 /* CadenceService.swift */ = {isa = PBXFileReference; lastKnownFileType = sourcecode.swift; path = CadenceService.swift; sourceTree = "<group>"; };
		813BDED9D3A2037960FA19C5 /* OnboardingFlow.swift */ = {isa = PBXFileReference; lastKnownFileType = sourcecode.swift; path = OnboardingFlow.swift; sourceTree = "<group>"; };
		82BA911E66F47778D3963B1D /* DesignTokenTests.swift */ = {isa = PBXFileReference; lastKnownFileType = sourcecode.swift; path = DesignTokenTests.swift; sourceTree = "<group>"; };
		8585AB4840A20AC67069FCF7 /* CadenceDisplayView.swift */ = {isa = PBXFileReference; lastKnownFileType = sourcecode.swift; path = CadenceDisplayView.swift; sourceTree = "<group>"; };
		891C60D8560980C95D3F6E61 /* BeatStepApp.swift */ = {isa = PBXFileReference; lastKnownFileType = sourcecode.swift; path = BeatStepApp.swift; sourceTree = "<group>"; };
		8F8C1DC159094F0DD59495F3 /* BeatStepTests.xctest */ = {isa = PBXFileReference; includeInIndex = 0; lastKnownFileType = wrapper.cfbundle; path = BeatStepTests.xctest; sourceTree = BUILT_PRODUCTS_DIR; };
		90286678C1ACD3B0FB816DB5 /* AccelerometerSample.swift */ = {isa = PBXFileReference; includeInIndex = 1; lastKnownFileType = sourcecode.swift; path = AccelerometerSample.swift; sourceTree = "<group>"; };
		921DA572AE78734B11336F42 /* OnboardingZonesView.swift */ = {isa = PBXFileReference; lastKnownFileType = sourcecode.swift; path = OnboardingZonesView.swift; sourceTree = "<group>"; };
		9C2C763D25E2D3570F632D0A /* LastRunPlaylistTests.swift */ = {isa = PBXFileReference; lastKnownFileType = sourcecode.swift; path = LastRunPlaylistTests.swift; sourceTree = "<group>"; };
		9F53B43A668691E6914501E3 /* TolerancePicker.swift */ = {isa = PBXFileReference; lastKnownFileType = sourcecode.swift; path = TolerancePicker.swift; sourceTree = "<group>"; };
		A14CC2671949AE629FDB00C4 /* MockPedometerData.swift */ = {isa = PBXFileReference; lastKnownFileType = sourcecode.swift; path = MockPedometerData.swift; sourceTree = "<group>"; };
		A3C51D6626191C4B83B3ADA4 /* KeychainManager.swift */ = {isa = PBXFileReference; lastKnownFileType = sourcecode.swift; path = KeychainManager.swift; sourceTree = "<group>"; };
		A82812B49FA131871ECBA508 /* SettingsView.swift */ = {isa = PBXFileReference; lastKnownFileType = sourcecode.swift; path = SettingsView.swift; sourceTree = "<group>"; };
		AA16010101010101AA010101 /* LongPressStopButton.swift */ = {isa = PBXFileReference; lastKnownFileType = sourcecode.swift; path = LongPressStopButton.swift; sourceTree = "<group>"; };
		AA16010101010101AA010103 /* LongPressStopTests.swift */ = {isa = PBXFileReference; lastKnownFileType = sourcecode.swift; path = LongPressStopTests.swift; sourceTree = "<group>"; };
		AA16010101010101AA010105 /* ActiveRunView.swift */ = {isa = PBXFileReference; lastKnownFileType = sourcecode.swift; path = ActiveRunView.swift; sourceTree = "<group>"; };
		AA16010101010101AA010107 /* ActiveRunViewTests.swift */ = {isa = PBXFileReference; lastKnownFileType = sourcecode.swift; path = ActiveRunViewTests.swift; sourceTree = "<group>"; };
		AA18010101010101AA010201 /* BPMConfidence.swift */ = {isa = PBXFileReference; lastKnownFileType = sourcecode.swift; path = BPMConfidence.swift; sourceTree = "<group>"; };
		AA18010101010101AA010203 /* BPMSource.swift */ = {isa = PBXFileReference; lastKnownFileType = sourcecode.swift; path = BPMSource.swift; sourceTree = "<group>"; };
		AA18010101010101AA010205 /* BPMConfidenceModelTests.swift */ = {isa = PBXFileReference; lastKnownFileType = sourcecode.swift; path = BPMConfidenceModelTests.swift; sourceTree = "<group>"; };
		AA18010101010101AA010207 /* BPMCacheWritePathTests.swift */ = {isa = PBXFileReference; lastKnownFileType = sourcecode.swift; path = BPMCacheWritePathTests.swift; sourceTree = "<group>"; };
		AA19010101010101AA010101 /* BPMInfo.swift */ = {isa = PBXFileReference; lastKnownFileType = sourcecode.swift; path = BPMInfo.swift; sourceTree = "<group>"; };
		AA19010101010101AA010103 /* BPMConfidenceBadgeTests.swift */ = {isa = PBXFileReference; lastKnownFileType = sourcecode.swift; path = BPMConfidenceBadgeTests.swift; sourceTree = "<group>"; };
		AA20010101010101AA010101 /* TapBPMEngine.swift */ = {isa = PBXFileReference; lastKnownFileType = sourcecode.swift; path = TapBPMEngine.swift; sourceTree = "<group>"; };
		AA20010101010101AA010103 /* TapBPMEngineTests.swift */ = {isa = PBXFileReference; lastKnownFileType = sourcecode.swift; path = TapBPMEngineTests.swift; sourceTree = "<group>"; };
		AA20020101010101AA010101 /* TapBPMView.swift */ = {isa = PBXFileReference; lastKnownFileType = sourcecode.swift; path = TapBPMView.swift; sourceTree = "<group>"; };
		AA21010101010101AA010101 /* ZeroBPMFallback.swift */ = {isa = PBXFileReference; lastKnownFileType = sourcecode.swift; path = ZeroBPMFallback.swift; sourceTree = "<group>"; };
		AA21010101010101AA010103 /* ZeroBPMFallbackTests.swift */ = {isa = PBXFileReference; lastKnownFileType = sourcecode.swift; path = ZeroBPMFallbackTests.swift; sourceTree = "<group>"; };
		AB8B969BF656CD1577C70007 /* SpotifyAPIService.swift */ = {isa = PBXFileReference; lastKnownFileType = sourcecode.swift; path = SpotifyAPIService.swift; sourceTree = "<group>"; };
		ACACB0CB17A1CB562DE23B57 /* LibraryScanServiceTests.swift */ = {isa = PBXFileReference; lastKnownFileType = sourcecode.swift; path = LibraryScanServiceTests.swift; sourceTree = "<group>"; };
		AD674B0D591CAAA01C3130FC /* SpotifyAPIServiceTests.swift */ = {isa = PBXFileReference; lastKnownFileType = sourcecode.swift; path = SpotifyAPIServiceTests.swift; sourceTree = "<group>"; };
		AEFD8006EAEC905C01610361 /* ScannedPlaylist.swift */ = {isa = PBXFileReference; lastKnownFileType = sourcecode.swift; path = ScannedPlaylist.swift; sourceTree = "<group>"; };
		B3DDB6111BB895CA6D9755DE /* Secrets.swift */ = {isa = PBXFileReference; lastKnownFileType = sourcecode.swift; path = Secrets.swift; sourceTree = "<group>"; };
		B53564AD8A26370E1D5CC4EB /* ContentView.swift */ = {isa = PBXFileReference; lastKnownFileType = sourcecode.swift; path = ContentView.swift; sourceTree = "<group>"; };
		B60746642538598D6A6844BE /* AppIconGeneratorTests.swift */ = {isa = PBXFileReference; lastKnownFileType = sourcecode.swift; path = AppIconGeneratorTests.swift; sourceTree = "<group>"; };
		B74034E9B7A89BBF15C60005 /* SpotifyAuthServiceTests.swift */ = {isa = PBXFileReference; lastKnownFileType = sourcecode.swift; path = SpotifyAuthServiceTests.swift; sourceTree = "<group>"; };
		B7DDBAC5E41BB0D7ABEB7EE7 /* AppState.swift */ = {isa = PBXFileReference; lastKnownFileType = sourcecode.swift; path = AppState.swift; sourceTree = "<group>"; };
		B88F5A5153F1EE34D366F68D /* SpotifyPlaylist.swift */ = {isa = PBXFileReference; lastKnownFileType = sourcecode.swift; path = SpotifyPlaylist.swift; sourceTree = "<group>"; };
		BE8FAB65795D9B7248FDDCC3 /* RunEngineServiceTests.swift */ = {isa = PBXFileReference; lastKnownFileType = sourcecode.swift; path = RunEngineServiceTests.swift; sourceTree = "<group>"; };
		C175DDFE0853F22B85082A2F /* GetSongBPMServiceTests.swift */ = {isa = PBXFileReference; lastKnownFileType = sourcecode.swift; path = GetSongBPMServiceTests.swift; sourceTree = "<group>"; };
		C35322426C60E3601F3E3793 /* PaginatedResponse.swift */ = {isa = PBXFileReference; lastKnownFileType = sourcecode.swift; path = PaginatedResponse.swift; sourceTree = "<group>"; };
		C612EE6690EA5303C11C2A3B /* ZoneBandView.swift */ = {isa = PBXFileReference; lastKnownFileType = sourcecode.swift; path = ZoneBandView.swift; sourceTree = "<group>"; };
		C8DCEC81D9DB1A230835221A /* ZonePickerView.swift */ = {isa = PBXFileReference; lastKnownFileType = sourcecode.swift; path = ZonePickerView.swift; sourceTree = "<group>"; };
		CA1DA1AE4223F5E864B4ED0E /* AudioSessionService.swift */ = {isa = PBXFileReference; lastKnownFileType = sourcecode.swift; path = AudioSessionService.swift; sourceTree = "<group>"; };
		CC6A7E5FF989282D490A4C66 /* RunMode.swift */ = {isa = PBXFileReference; lastKnownFileType = sourcecode.swift; path = RunMode.swift; sourceTree = "<group>"; };
		D166178F00CF25146611C6FB /* GetSongBPMResponse.swift */ = {isa = PBXFileReference; lastKnownFileType = sourcecode.swift; path = GetSongBPMResponse.swift; sourceTree = "<group>"; };
		D27CDD1D5622D605F315F7CA /* BPMViewWiringTests.swift */ = {isa = PBXFileReference; lastKnownFileType = sourcecode.swift; path = BPMViewWiringTests.swift; sourceTree = "<group>"; };
		D413FF5901AC08B98D7F067E /* BPMToleranceTests.swift */ = {isa = PBXFileReference; lastKnownFileType = sourcecode.swift; path = BPMToleranceTests.swift; sourceTree = "<group>"; };
		D5E4FA724FA05CFDAEC22CFC /* SyncQuality+Color.swift */ = {isa = PBXFileReference; lastKnownFileType = sourcecode.swift; path = "SyncQuality+Color.swift"; sourceTree = "<group>"; };
		D6EDD84535C8229D0F349FB0 /* RunEngineService.swift */ = {isa = PBXFileReference; lastKnownFileType = sourcecode.swift; path = RunEngineService.swift; sourceTree = "<group>"; };
		DDE56539C5B7C96F590519D1 /* MediaPlayer.framework */ = {isa = PBXFileReference; lastKnownFileType = wrapper.framework; name = MediaPlayer.framework; path = System/Library/Frameworks/MediaPlayer.framework; sourceTree = SDKROOT; };
		E0A69F3C907AA4DCD18E73FB /* SensorLabServiceTests.swift */ = {isa = PBXFileReference; includeInIndex = 1; lastKnownFileType = sourcecode.swift; path = SensorLabServiceTests.swift; sourceTree = "<group>"; };
		E0F7B31F8718FAA1C5A45EE9 /* Info.plist */ = {isa = PBXFileReference; lastKnownFileType = text.plist; path = Info.plist; sourceTree = "<group>"; };
		E37B727349C715B8A72C4C82 /* RunTabView.swift */ = {isa = PBXFileReference; lastKnownFileType = sourcecode.swift; path = RunTabView.swift; sourceTree = "<group>"; };
		E3C0C2D8AB5CCAD300237AD7 /* TrackCountTests.swift */ = {isa = PBXFileReference; lastKnownFileType = sourcecode.swift; path = TrackCountTests.swift; sourceTree = "<group>"; };
		E443905E08D5A456779B4A8E /* CachedBPM.swift */ = {isa = PBXFileReference; lastKnownFileType = sourcecode.swift; path = CachedBPM.swift; sourceTree = "<group>"; };
		E89C786A70B843741C71082D /* BeatStep.entitlements */ = {isa = PBXFileReference; lastKnownFileType = text.plist.entitlements; path = BeatStep.entitlements; sourceTree = "<group>"; };
		E9CFFC1FF6EE943CB3B48020 /* CoreMotion.framework */ = {isa = PBXFileReference; lastKnownFileType = wrapper.framework; name = CoreMotion.framework; path = System/Library/Frameworks/CoreMotion.framework; sourceTree = SDKROOT; };
		EBFEA0F4F056316BF069F22A /* ZoneSelectionTests.swift */ = {isa = PBXFileReference; lastKnownFileType = sourcecode.swift; path = ZoneSelectionTests.swift; sourceTree = "<group>"; };
		ECC7DFDB6E911FE4107BCB40 /* SyncBackgroundModifier.swift */ = {isa = PBXFileReference; lastKnownFileType = sourcecode.swift; path = SyncBackgroundModifier.swift; sourceTree = "<group>"; };
		EDB64E5F46DBAEB8C11BD228 /* SensorLabView.swift */ = {isa = PBXFileReference; includeInIndex = 1; lastKnownFileType = sourcecode.swift; path = SensorLabView.swift; sourceTree = "<group>"; };
		EE0D147DC55109AB2F68D3FA /* LastRunPlaylist.swift */ = {isa = PBXFileReference; lastKnownFileType = sourcecode.swift; path = LastRunPlaylist.swift; sourceTree = "<group>"; };
		F30F9B6F3CAB252555C44A46 /* TempoMode.swift */ = {isa = PBXFileReference; lastKnownFileType = sourcecode.swift; path = TempoMode.swift; sourceTree = "<group>"; };
		F380312A6E3F3F1CBA484FC7 /* RunZoneTests.swift */ = {isa = PBXFileReference; lastKnownFileType = sourcecode.swift; path = RunZoneTests.swift; sourceTree = "<group>"; };
		F57F4BF6356B22D675CE604B /* SpotifyAuthService.swift */ = {isa = PBXFileReference; lastKnownFileType = sourcecode.swift; path = SpotifyAuthService.swift; sourceTree = "<group>"; };
		FA15B1C2D9E74A3B8C01D5E2 /* RunPlayerView.swift */ = {isa = PBXFileReference; lastKnownFileType = sourcecode.swift; path = RunPlayerView.swift; sourceTree = "<group>"; };
		FA15B1C2D9E74A3B8C01D5E4 /* RunPlayerViewTests.swift */ = {isa = PBXFileReference; lastKnownFileType = sourcecode.swift; path = RunPlayerViewTests.swift; sourceTree = "<group>"; };
		FEB07E38F6B451A11322F482 /* BPMCacheService.swift */ = {isa = PBXFileReference; lastKnownFileType = sourcecode.swift; path = BPMCacheService.swift; sourceTree = "<group>"; };
		FEEC19B8CE1F5084D56A0DC7 /* SyncQuality.swift */ = {isa = PBXFileReference; lastKnownFileType = sourcecode.swift; path = SyncQuality.swift; sourceTree = "<group>"; };
/* End PBXFileReference section */

/* Begin PBXFrameworksBuildPhase section */
		B31BEB8F666E848839231AB2 /* Frameworks */ = {
			isa = PBXFrameworksBuildPhase;
			buildActionMask = 2147483647;
			files = (
				1D5883183D461FAA314B3D3B /* SpotifyiOS in Frameworks */,
				BA8874F7D3FDA0EBB4354668 /* KeychainAccess in Frameworks */,
				F145D138492D8F816576D28D /* AVFoundation.framework in Frameworks */,
				BC943FDE5214755D5F4B798D /* MediaPlayer.framework in Frameworks */,
				3F4575EA4AC98EBE671CA5B5 /* CoreMotion.framework in Frameworks */,
				9E3E6ED089D66D6923E164F3 /* HealthKit.framework in Frameworks */,
			);
			runOnlyForDeploymentPostprocessing = 0;
		};
/* End PBXFrameworksBuildPhase section */

/* Begin PBXGroup section */
		0C648DDDCCDE7A0F189DC0DB /* Player */ = {
			isa = PBXGroup;
			children = (
				3AFD9FA2CFE9DA4FBDF7AF11 /* MiniPlayerView.swift */,
				FA15B1C2D9E74A3B8C01D5E2 /* RunPlayerView.swift */,
			);
			path = Player;
			sourceTree = "<group>";
		};
		0F928FC8E653656DDE1C2560 /* BeatStepTests */ = {
			isa = PBXGroup;
			children = (
				AA16010101010101AA010107 /* ActiveRunViewTests.swift */,
				B60746642538598D6A6844BE /* AppIconGeneratorTests.swift */,
				AA16010101010101AA010103 /* LongPressStopTests.swift */,
				6274DEE660A35399701FA544 /* BeatStepTests.swift */,
				1DCB7943A6528D4DCF3EF8E8 /* BPMCacheServiceTests.swift */,
				AA19010101010101AA010103 /* BPMConfidenceBadgeTests.swift */,
				AA18010101010101AA010205 /* BPMConfidenceModelTests.swift */,
				AA18010101010101AA010207 /* BPMCacheWritePathTests.swift */,
				D413FF5901AC08B98D7F067E /* BPMToleranceTests.swift */,
				D27CDD1D5622D605F315F7CA /* BPMViewWiringTests.swift */,
				1928DFA06664B8F820777636 /* CadenceDisplayTests.swift */,
				40D44E12D78D4C936AFB8784 /* CadenceServiceTests.swift */,
				82BA911E66F47778D3963B1D /* DesignTokenTests.swift */,
				C175DDFE0853F22B85082A2F /* GetSongBPMServiceTests.swift */,
				9C2C763D25E2D3570F632D0A /* LastRunPlaylistTests.swift */,
				ACACB0CB17A1CB562DE23B57 /* LibraryScanServiceTests.swift */,
				5B8DE2A72602B504DACE8177 /* ModelDecodingTests.swift */,
				0D8620533815733444854460 /* OnboardingTests.swift */,
				BE8FAB65795D9B7248FDDCC3 /* RunEngineServiceTests.swift */,
				FA15B1C2D9E74A3B8C01D5E4 /* RunPlayerViewTests.swift */,
				F380312A6E3F3F1CBA484FC7 /* RunZoneTests.swift */,
				AD674B0D591CAAA01C3130FC /* SpotifyAPIServiceTests.swift */,
				B74034E9B7A89BBF15C60005 /* SpotifyAuthServiceTests.swift */,
				37AD5391E7BD4E7DC62371C7 /* SyncQualityTests.swift */,
				AA20010101010101AA010103 /* TapBPMEngineTests.swift */,
				E3C0C2D8AB5CCAD300237AD7 /* TrackCountTests.swift */,
				AA21010101010101AA010103 /* ZeroBPMFallbackTests.swift */,
				EBFEA0F4F056316BF069F22A /* ZoneSelectionTests.swift */,
				F927185F0FC2EA44EC85146D /* Mocks */,
				E0A69F3C907AA4DCD18E73FB /* SensorLabServiceTests.swift */,
			);
			path = BeatStepTests;
			sourceTree = "<group>";
		};
		17650A1F55A8CABAE236538D = {
			isa = PBXGroup;
			children = (
				3BD45852EBA04F8B2B1281D3 /* BeatStep */,
				0F928FC8E653656DDE1C2560 /* BeatStepTests */,
				B4054F9DB8FAE506A0E2406B /* Frameworks */,
				B9DB0F5937CA38283C221E50 /* Products */,
			);
			sourceTree = "<group>";
		};
		3BD45852EBA04F8B2B1281D3 /* BeatStep */ = {
			isa = PBXGroup;
			children = (
				B3DDB6111BB895CA6D9755DE /* Secrets.swift */,
				5B2AAD93D5E7236DD4F576A5 /* App */,
				EA29CB9BEAD29F976AB3BBB8 /* DesignSystem */,
				432B5BD6D99E6D8766CEED7C /* Models */,
				CD8FCDD88A0E9A75CE63C487 /* Resources */,
				492054E64C9EE9C03919B647 /* Services */,
				CE0979D4BB988F1F1054557E /* Utilities */,
				FACE10684F1338B289BF8612 /* Views */,
			);
			path = BeatStep;
			sourceTree = "<group>";
		};
		432B5BD6D99E6D8766CEED7C /* Models */ = {
			isa = PBXGroup;
			children = (
				AA18010101010101AA010201 /* BPMConfidence.swift */,
				AA19010101010101AA010101 /* BPMInfo.swift */,
				AA18010101010101AA010203 /* BPMSource.swift */,
				70F275CA676707F7D92D5DFD /* BPMTolerance.swift */,
				E443905E08D5A456779B4A8E /* CachedBPM.swift */,
				D166178F00CF25146611C6FB /* GetSongBPMResponse.swift */,
				EE0D147DC55109AB2F68D3FA /* LastRunPlaylist.swift */,
				C35322426C60E3601F3E3793 /* PaginatedResponse.swift */,
				327FDEBEC96D40F7E4B829D3 /* RampPhase.swift */,
				CC6A7E5FF989282D490A4C66 /* RunMode.swift */,
				5818164758316FF4BD59C44C /* RunSession.swift */,
				39CB3E5849922042AF3236E5 /* RunZone.swift */,
				AEFD8006EAEC905C01610361 /* ScannedPlaylist.swift */,
				2EB39C3B2920F997B27D9396 /* SpotifyError.swift */,
				B88F5A5153F1EE34D366F68D /* SpotifyPlaylist.swift */,
				3BC4B4C4C04970C1DC048EF6 /* SpotifyTrack.swift */,
				1EE4DF865E617B08EB3B0741 /* SpotifyUser.swift */,
				FEEC19B8CE1F5084D56A0DC7 /* SyncQuality.swift */,
				D5E4FA724FA05CFDAEC22CFC /* SyncQuality+Color.swift */,
				F30F9B6F3CAB252555C44A46 /* TempoMode.swift */,
				AA21010101010101AA010101 /* ZeroBPMFallback.swift */,
				90286678C1ACD3B0FB816DB5 /* AccelerometerSample.swift */,
			);
			path = Models;
			sourceTree = "<group>";
		};
		492054E64C9EE9C03919B647 /* Services */ = {
			isa = PBXGroup;
			children = (
				CA1DA1AE4223F5E864B4ED0E /* AudioSessionService.swift */,
				FEB07E38F6B451A11322F482 /* BPMCacheService.swift */,
				1EC3F32F251BB6DCD836C9C8 /* BPMDiscoveryService.swift */,
				78164965B7403F7D8CB49EC3 /* CadenceService.swift */,
				15B6030B08CCF44B01BD0A2D /* GetSongBPMService.swift */,
				6210815F378ADE4639D9F296 /* LibraryScanService.swift */,
				D6EDD84535C8229D0F349FB0 /* RunEngineService.swift */,
				AB8B969BF656CD1577C70007 /* SpotifyAPIService.swift */,
				F57F4BF6356B22D675CE604B /* SpotifyAuthService.swift */,
				0A75F1A96DAD38B70385AFC7 /* SpotifyPlayerService.swift */,
				AA20010101010101AA010101 /* TapBPMEngine.swift */,
				3A4C759B3C0A18D302F7CD86 /* SensorLabService.swift */,
			);
			path = Services;
			sourceTree = "<group>";
		};
		5B2AAD93D5E7236DD4F576A5 /* App */ = {
			isa = PBXGroup;
			children = (
				B7DDBAC5E41BB0D7ABEB7EE7 /* AppState.swift */,
				891C60D8560980C95D3F6E61 /* BeatStepApp.swift */,
				B53564AD8A26370E1D5CC4EB /* ContentView.swift */,
			);
			path = App;
			sourceTree = "<group>";
		};
		756E32B5E4D54E06E3EEC52F /* Onboarding */ = {
			isa = PBXGroup;
			children = (
				5B62BEAC6E25BB5FF9AC45F2 /* LoginView.swift */,
				813BDED9D3A2037960FA19C5 /* OnboardingFlow.swift */,
				20C661C6F478DBD57A4AE3AC /* OnboardingHealthView.swift */,
				628426AC68C273B86DFB3E70 /* OnboardingSpotifyView.swift */,
				921DA572AE78734B11336F42 /* OnboardingZonesView.swift */,
			);
			path = Onboarding;
			sourceTree = "<group>";
		};
		B4054F9DB8FAE506A0E2406B /* Frameworks */ = {
			isa = PBXGroup;
			children = (
				50AD42E658902F242BCCC303 /* AVFoundation.framework */,
				E9CFFC1FF6EE943CB3B48020 /* CoreMotion.framework */,
				58BE84507EFFB1F8F27EEB2B /* HealthKit.framework */,
				DDE56539C5B7C96F590519D1 /* MediaPlayer.framework */,
			);
			name = Frameworks;
			sourceTree = "<group>";
		};
		B9DB0F5937CA38283C221E50 /* Products */ = {
			isa = PBXGroup;
			children = (
				02B44183152AC4CB07E0DA73 /* BeatStep.app */,
				8F8C1DC159094F0DD59495F3 /* BeatStepTests.xctest */,
			);
			name = Products;
			sourceTree = "<group>";
		};
		CD8FCDD88A0E9A75CE63C487 /* Resources */ = {
			isa = PBXGroup;
			children = (
				42650AD8D9D2C4B7B7328432 /* Assets.xcassets */,
				E89C786A70B843741C71082D /* BeatStep.entitlements */,
				E0F7B31F8718FAA1C5A45EE9 /* Info.plist */,
			);
			path = Resources;
			sourceTree = "<group>";
		};
		CE0979D4BB988F1F1054557E /* Utilities */ = {
			isa = PBXGroup;
			children = (
				A3C51D6626191C4B83B3ADA4 /* KeychainManager.swift */,
			);
			path = Utilities;
			sourceTree = "<group>";
		};
		D861894C2362712E9ADDE0C0 /* Run */ = {
			isa = PBXGroup;
			children = (
				AA16010101010101AA010105 /* ActiveRunView.swift */,
				8585AB4840A20AC67069FCF7 /* CadenceDisplayView.swift */,
				AA16010101010101AA010101 /* LongPressStopButton.swift */,
				1B463417D83CA9C68F306968 /* RampPhaseIndicator.swift */,
				4F954E8A3B5FBA64DE0D89F3 /* RunStatusBar.swift */,
				E37B727349C715B8A72C4C82 /* RunTabView.swift */,
				ECC7DFDB6E911FE4107BCB40 /* SyncBackgroundModifier.swift */,
				9F53B43A668691E6914501E3 /* TolerancePicker.swift */,
				C612EE6690EA5303C11C2A3B /* ZoneBandView.swift */,
				C8DCEC81D9DB1A230835221A /* ZonePickerView.swift */,
			);
			path = Run;
			sourceTree = "<group>";
		};
		DA8D63671892A70362FB1316 /* Settings */ = {
			isa = PBXGroup;
			children = (
				A82812B49FA131871ECBA508 /* SettingsView.swift */,
				1485D4CA5D5D368744A7AB7F /* ZoneSettingsRow.swift */,
				EDB64E5F46DBAEB8C11BD228 /* SensorLabView.swift */,
			);
			path = Settings;
			sourceTree = "<group>";
		};
		E87D8E84D21AC40676187F0F /* Library */ = {
			isa = PBXGroup;
			children = (
				35908E9591D37AF34E26E975 /* PlaylistDetailView.swift */,
				6E6A871BD7A4D4FD3B2608FA /* PlaylistListView.swift */,
				AA20020101010101AA010101 /* TapBPMView.swift */,
			);
			path = Library;
			sourceTree = "<group>";
		};
		EA29CB9BEAD29F976AB3BBB8 /* DesignSystem */ = {
			isa = PBXGroup;
			children = (
				A527020101010101A5270102 /* BSAnimation.swift */,
				A527020101010101A5270101 /* BSHaptics.swift */,
				19109252715D2142AD8C1454 /* DesignTokens.swift */,
			);
			path = DesignSystem;
			sourceTree = "<group>";
		};
		F927185F0FC2EA44EC85146D /* Mocks */ = {
			isa = PBXGroup;
			children = (
				46A96BFA023D6CF3AADD5020 /* MockGetSongBPMResponses.swift */,
				A14CC2671949AE629FDB00C4 /* MockPedometerData.swift */,
				4A5B70810916CFBD9793F505 /* MockSpotifyResponses.swift */,
			);
			path = Mocks;
			sourceTree = "<group>";
		};
		FACE10684F1338B289BF8612 /* Views */ = {
			isa = PBXGroup;
			children = (
				E87D8E84D21AC40676187F0F /* Library */,
				756E32B5E4D54E06E3EEC52F /* Onboarding */,
				0C648DDDCCDE7A0F189DC0DB /* Player */,
				D861894C2362712E9ADDE0C0 /* Run */,
				DA8D63671892A70362FB1316 /* Settings */,
			);
			path = Views;
			sourceTree = "<group>";
		};
/* End PBXGroup section */

/* Begin PBXNativeTarget section */
		2605BFE8566166EB8E1ACBD9 /* BeatStepTests */ = {
			isa = PBXNativeTarget;
			buildConfigurationList = 851FA3982D16E59A9996C7E9 /* Build configuration list for PBXNativeTarget "BeatStepTests" */;
			buildPhases = (
				79333F8EAEDE324BB5EC58AA /* Sources */,
			);
			buildRules = (
			);
			dependencies = (
				9847A7220AF4742C165CA2BE /* PBXTargetDependency */,
			);
			name = BeatStepTests;
			productName = BeatStepTests;
			productReference = 8F8C1DC159094F0DD59495F3 /* BeatStepTests.xctest */;
			productType = "com.apple.product-type.bundle.unit-test";
		};
		A78A28FD31F8B383B6F43662 /* BeatStep */ = {
			isa = PBXNativeTarget;
			buildConfigurationList = 568996B867DDD37FD6499B87 /* Build configuration list for PBXNativeTarget "BeatStep" */;
			buildPhases = (
				C63351C99B0168F16CAF48B4 /* Sources */,
				2AC0E0774BE175E68EC11C4D /* Resources */,
				B31BEB8F666E848839231AB2 /* Frameworks */,
			);
			buildRules = (
			);
			dependencies = (
			);
			name = BeatStep;
			packageProductDependencies = (
				1D645A47023EFFA3D0BA0FD8 /* SpotifyiOS */,
				F71ECCFE50CC9E0DBDAD3512 /* KeychainAccess */,
			);
			productName = BeatStep;
			productReference = 02B44183152AC4CB07E0DA73 /* BeatStep.app */;
			productType = "com.apple.product-type.application";
		};
/* End PBXNativeTarget section */

/* Begin PBXProject section */
		20563AE1C78F8E32EE69262F /* Project object */ = {
			isa = PBXProject;
			attributes = {
				BuildIndependentTargetsInParallel = YES;
				LastUpgradeCheck = 1600;
			};
			buildConfigurationList = 9438CAB6241D9C87F8D5BF04 /* Build configuration list for PBXProject "BeatStep" */;
			developmentRegion = en;
			hasScannedForEncodings = 0;
			knownRegions = (
				Base,
				en,
			);
			mainGroup = 17650A1F55A8CABAE236538D;
			minimizedProjectReferenceProxies = 1;
			packageReferences = (
				8F4D93FEC6768A29FEC588E5 /* XCRemoteSwiftPackageReference "KeychainAccess" */,
				3972D7FB11BA148270473708 /* XCRemoteSwiftPackageReference "ios-sdk" */,
			);
			preferredProjectObjectVersion = 77;
			productRefGroup = B9DB0F5937CA38283C221E50 /* Products */;
			projectDirPath = "";
			projectRoot = "";
			targets = (
				A78A28FD31F8B383B6F43662 /* BeatStep */,
				2605BFE8566166EB8E1ACBD9 /* BeatStepTests */,
			);
		};
/* End PBXProject section */

/* Begin PBXResourcesBuildPhase section */
		2AC0E0774BE175E68EC11C4D /* Resources */ = {
			isa = PBXResourcesBuildPhase;
			buildActionMask = 2147483647;
			files = (
				E9426F5B6C7BC33EC9884D08 /* Assets.xcassets in Resources */,
			);
			runOnlyForDeploymentPostprocessing = 0;
		};
/* End PBXResourcesBuildPhase section */

/* Begin PBXSourcesBuildPhase section */
		79333F8EAEDE324BB5EC58AA /* Sources */ = {
			isa = PBXSourcesBuildPhase;
			buildActionMask = 2147483647;
			files = (
				41F1F675E36342CFA4903F98 /* AppIconGeneratorTests.swift in Sources */,
				6D82D0B3807BF022AD71CDFE /* BPMCacheServiceTests.swift in Sources */,
				AA19010101010101AA010104 /* BPMConfidenceBadgeTests.swift in Sources */,
				AA18010101010101AA010206 /* BPMConfidenceModelTests.swift in Sources */,
				AA18010101010101AA010208 /* BPMCacheWritePathTests.swift in Sources */,
				2B2DC5471E50AB176E0E0492 /* BPMToleranceTests.swift in Sources */,
				D1F229F05486EB35F79B3627 /* BPMViewWiringTests.swift in Sources */,
				126F4939399F4A928811E639 /* BeatStepTests.swift in Sources */,
				8866DBCB44FCC7BFDAA6861C /* CadenceDisplayTests.swift in Sources */,
				C0C23B120EDACFFA70E812CF /* CadenceServiceTests.swift in Sources */,
				F405D9CAAF8AF5E13EF8DF9E /* DesignTokenTests.swift in Sources */,
				25024A5C45AB2EE524CE7FEF /* GetSongBPMServiceTests.swift in Sources */,
				CD48162EB3F1D31A0A1A9BD9 /* LastRunPlaylistTests.swift in Sources */,
				273DBBD1724C49CD902EACA8 /* LibraryScanServiceTests.swift in Sources */,
				5FAB3093469F63F0D98A5929 /* MockGetSongBPMResponses.swift in Sources */,
				4BFFAA537876350BB16F2B44 /* MockPedometerData.swift in Sources */,
				E9746D829C481F3130954D4A /* MockSpotifyResponses.swift in Sources */,
				C917C59D3A0C398244915F94 /* ModelDecodingTests.swift in Sources */,
				61E7C5C608B7FD481C5C440D /* OnboardingTests.swift in Sources */,
				DCE0AF6AB958364A68FFEEB3 /* RunEngineServiceTests.swift in Sources */,
				FA15B1C2D9E74A3B8C01D5E3 /* RunPlayerViewTests.swift in Sources */,
				6F3185D1A8E96A18DD79269F /* RunZoneTests.swift in Sources */,
				7DB8106A70167775807F7587 /* SpotifyAPIServiceTests.swift in Sources */,
				EA446206E85B736A1D25D982 /* SpotifyAuthServiceTests.swift in Sources */,
				5DE6C3EE397A29346CAFD3C4 /* SyncQualityTests.swift in Sources */,
				370194D18DCDA5A737CD968E /* TrackCountTests.swift in Sources */,
				2D30C68B62C2DE1EC7FB9202 /* ZoneSelectionTests.swift in Sources */,
				AA16010101010101AA010104 /* LongPressStopTests.swift in Sources */,
				AA16010101010101AA010108 /* ActiveRunViewTests.swift in Sources */,
				AA20010101010101AA010104 /* TapBPMEngineTests.swift in Sources */,
				AA21010101010101AA010104 /* ZeroBPMFallbackTests.swift in Sources */,
				219D466C7F9D7A3385E66C4D /* SensorLabServiceTests.swift in Sources */,
			);
			runOnlyForDeploymentPostprocessing = 0;
		};
		C63351C99B0168F16CAF48B4 /* Sources */ = {
			isa = PBXSourcesBuildPhase;
			buildActionMask = 2147483647;
			files = (
				6645D0DAE549131D63942C74 /* AppState.swift in Sources */,
				5CEA394D403E9B19AF0C5594 /* AudioSessionService.swift in Sources */,
				CAC3FE8DBFFF14C88FF90371 /* BPMCacheService.swift in Sources */,
				7F4BF1B63B24CFBFB608DB82 /* BPMDiscoveryService.swift in Sources */,
				AA18010101010101AA010202 /* BPMConfidence.swift in Sources */,
				AA19010101010101AA010102 /* BPMInfo.swift in Sources */,
				AA18010101010101AA010204 /* BPMSource.swift in Sources */,
				5267FFFF106C7E977E6BEAD1 /* BPMTolerance.swift in Sources */,
				B3D880FCD4650FA44C6A6E67 /* BeatStepApp.swift in Sources */,
				0C8DBBA9E3C621E23F389E6C /* CachedBPM.swift in Sources */,
				2D92B9B9B8CDCDCA222FD14A /* CadenceDisplayView.swift in Sources */,
				C7473BF2D1FC10DA16C41CF4 /* CadenceService.swift in Sources */,
				2D8DC08AF0A7904A7F9497F4 /* ContentView.swift in Sources */,
				A527020101010101A5270202 /* BSAnimation.swift in Sources */,
				A527020101010101A5270201 /* BSHaptics.swift in Sources */,
				A54A585BC0B9BD2D7047D90C /* DesignTokens.swift in Sources */,
				1B9FE1F5B9EA81A1566F6282 /* GetSongBPMResponse.swift in Sources */,
				5AF731B4891A953BB440EA69 /* GetSongBPMService.swift in Sources */,
				FB232EA2C7B5463D38AA5AEE /* KeychainManager.swift in Sources */,
				E5A89A415DA8BF17A21F630B /* LastRunPlaylist.swift in Sources */,
				4C8D1EEB7BB065B7616DD07B /* LibraryScanService.swift in Sources */,
				FB67AACA35A67A85464C73B6 /* LoginView.swift in Sources */,
				3633B91530BA99E13E412EB5 /* MiniPlayerView.swift in Sources */,
				FA15B1C2D9E74A3B8C01D5E1 /* RunPlayerView.swift in Sources */,
				2B25F48FD49DDD38D8276278 /* OnboardingFlow.swift in Sources */,
				E102A2FCE3D19A19B1FA353D /* OnboardingHealthView.swift in Sources */,
				51B17F9600A75F01E593792E /* OnboardingSpotifyView.swift in Sources */,
				2B7F7CC7200BB1BE71391D56 /* OnboardingZonesView.swift in Sources */,
				E30F72B337974D6A6D9D94C8 /* PaginatedResponse.swift in Sources */,
				280FE96EC7CE420EBABD5DB8 /* PlaylistDetailView.swift in Sources */,
				A905FE474653C6DD0C2BF51D /* PlaylistListView.swift in Sources */,
				AA20020101010101AA010102 /* TapBPMView.swift in Sources */,
				737D7EABE7F317271B047DAF /* RampPhase.swift in Sources */,
				3414E11A00864E259B571BA0 /* RampPhaseIndicator.swift in Sources */,
				9B31ABED93B30F2521BD3FFB /* RunEngineService.swift in Sources */,
				AB560042A7F124F1EAEA6BCD /* RunMode.swift in Sources */,
				B39834F33F3D1A2801354ECC /* RunSession.swift in Sources */,
				A68DABD7AFB799E07674AEB4 /* RunStatusBar.swift in Sources */,
				9E8F37C2F5E7B7BEE6189208 /* RunTabView.swift in Sources */,
				5611DC72ADDF5069C97F3B38 /* RunZone.swift in Sources */,
				A2362D6DF545D10B9C1A823C /* ScannedPlaylist.swift in Sources */,
				6BEDB7282D5E48187B944D80 /* Secrets.swift in Sources */,
				D683E7205EB03266D6E402E5 /* SettingsView.swift in Sources */,
				8759BAC4EDE9798BF8F2A1A3 /* SpotifyAPIService.swift in Sources */,
				DE8DB96B1BA4595CD4CC3121 /* SpotifyAuthService.swift in Sources */,
				C85CD7A43991A3F81B5A14F8 /* SpotifyError.swift in Sources */,
				75F028DE1CD6EA1E54BF7CDF /* SpotifyPlayerService.swift in Sources */,
				2F0B91C5A2E93128612EF29B /* SpotifyPlaylist.swift in Sources */,
				36999C3EDE71B7C949354187 /* SpotifyTrack.swift in Sources */,
				004D1293FB22774C11392D96 /* SpotifyUser.swift in Sources */,
				BC7C0B64872C218B4D74D6E8 /* SyncBackgroundModifier.swift in Sources */,
				7113B1A5EBC2FEF7084A3C4B /* SyncQuality+Color.swift in Sources */,
				348E71A2346F9E2EDB076023 /* SyncQuality.swift in Sources */,
				692A1F62DC6DFBC0D5166566 /* TempoMode.swift in Sources */,
				AA21010101010101AA010102 /* ZeroBPMFallback.swift in Sources */,
				AA1715CB53A13EA398630CA5 /* TolerancePicker.swift in Sources */,
				B0F8CD7F194C49276D8311DB /* ZoneBandView.swift in Sources */,
				EBFFFEEED0CFB5EC1BABEC48 /* ZonePickerView.swift in Sources */,
				9608D1E9229B70C2D4EC9D5E /* ZoneSettingsRow.swift in Sources */,
				AA16010101010101AA010102 /* LongPressStopButton.swift in Sources */,
				AA16010101010101AA010106 /* ActiveRunView.swift in Sources */,
				AA20010101010101AA010102 /* TapBPMEngine.swift in Sources */,
				86AA40354A11365CD6B49A7B /* AccelerometerSample.swift in Sources */,
				E1BAF8ECA423B5FD3BF2E1E5 /* SensorLabService.swift in Sources */,
				E07ECF040B0EDE7F34ABE206 /* SensorLabView.swift in Sources */,
			);
			runOnlyForDeploymentPostprocessing = 0;
		};
/* End PBXSourcesBuildPhase section */

/* Begin PBXTargetDependency section */
		9847A7220AF4742C165CA2BE /* PBXTargetDependency */ = {
			isa = PBXTargetDependency;
			target = A78A28FD31F8B383B6F43662 /* BeatStep */;
			targetProxy = 5E51B2BBE4CFB24D21635C84 /* PBXContainerItemProxy */;
		};
/* End PBXTargetDependency section */

/* Begin XCBuildConfiguration section */
		12831A21860390FBF80BB58E /* Release */ = {
			isa = XCBuildConfiguration;
			buildSettings = {
				BUNDLE_LOADER = "$(TEST_HOST)";
				GENERATE_INFOPLIST_FILE = YES;
				LD_RUNPATH_SEARCH_PATHS = (
					"$(inherited)",
					"@executable_path/Frameworks",
					"@loader_path/Frameworks",
				);
				PRODUCT_BUNDLE_IDENTIFIER = com.beatstep.BeatStepTests;
				SDKROOT = iphoneos;
				TARGETED_DEVICE_FAMILY = "1,2";
				TEST_HOST = "$(BUILT_PRODUCTS_DIR)/BeatStep.app/BeatStep";
			};
			name = Release;
		};
		5E034CC8560ADF6ADEBF6B61 /* Release */ = {
			isa = XCBuildConfiguration;
			buildSettings = {
				ALWAYS_SEARCH_USER_PATHS = NO;
				CLANG_ANALYZER_NONNULL = YES;
				CLANG_ANALYZER_NUMBER_OBJECT_CONVERSION = YES_AGGRESSIVE;
				CLANG_CXX_LANGUAGE_STANDARD = "gnu++14";
				CLANG_CXX_LIBRARY = "libc++";
				CLANG_ENABLE_MODULES = YES;
				CLANG_ENABLE_OBJC_ARC = YES;
				CLANG_ENABLE_OBJC_WEAK = YES;
				CLANG_WARN_BLOCK_CAPTURE_AUTORELEASING = YES;
				CLANG_WARN_BOOL_CONVERSION = YES;
				CLANG_WARN_COMMA = YES;
				CLANG_WARN_CONSTANT_CONVERSION = YES;
				CLANG_WARN_DEPRECATED_OBJC_IMPLEMENTATIONS = YES;
				CLANG_WARN_DIRECT_OBJC_ISA_USAGE = YES_ERROR;
				CLANG_WARN_DOCUMENTATION_COMMENTS = YES;
				CLANG_WARN_EMPTY_BODY = YES;
				CLANG_WARN_ENUM_CONVERSION = YES;
				CLANG_WARN_INFINITE_RECURSION = YES;
				CLANG_WARN_INT_CONVERSION = YES;
				CLANG_WARN_NON_LITERAL_NULL_CONVERSION = YES;
				CLANG_WARN_OBJC_IMPLICIT_RETAIN_SELF = YES;
				CLANG_WARN_OBJC_LITERAL_CONVERSION = YES;
				CLANG_WARN_OBJC_ROOT_CLASS = YES_ERROR;
				CLANG_WARN_QUOTED_INCLUDE_IN_FRAMEWORK_HEADER = YES;
				CLANG_WARN_RANGE_LOOP_ANALYSIS = YES;
				CLANG_WARN_STRICT_PROTOTYPES = YES;
				CLANG_WARN_SUSPICIOUS_MOVE = YES;
				CLANG_WARN_UNGUARDED_AVAILABILITY = YES_AGGRESSIVE;
				CLANG_WARN_UNREACHABLE_CODE = YES;
				CLANG_WARN__DUPLICATE_METHOD_MATCH = YES;
				COPY_PHASE_STRIP = NO;
				DEBUG_INFORMATION_FORMAT = "dwarf-with-dsym";
				ENABLE_NS_ASSERTIONS = NO;
				ENABLE_STRICT_OBJC_MSGSEND = YES;
				GCC_C_LANGUAGE_STANDARD = gnu11;
				GCC_NO_COMMON_BLOCKS = YES;
				GCC_WARN_64_TO_32_BIT_CONVERSION = YES;
				GCC_WARN_ABOUT_RETURN_TYPE = YES_ERROR;
				GCC_WARN_UNDECLARED_SELECTOR = YES;
				GCC_WARN_UNINITIALIZED_AUTOS = YES_AGGRESSIVE;
				GCC_WARN_UNUSED_FUNCTION = YES;
				GCC_WARN_UNUSED_VARIABLE = YES;
				IPHONEOS_DEPLOYMENT_TARGET = 17.0;
				MTL_ENABLE_DEBUG_INFO = NO;
				MTL_FAST_MATH = YES;
				PRODUCT_NAME = "$(TARGET_NAME)";
				SDKROOT = iphoneos;
				SWIFT_COMPILATION_MODE = wholemodule;
				SWIFT_OPTIMIZATION_LEVEL = "-O";
				SWIFT_VERSION = 5.9;
			};
			name = Release;
		};
		6741E2E903F46CE557B7AC1C /* Debug */ = {
			isa = XCBuildConfiguration;
			buildSettings = {
				ALWAYS_SEARCH_USER_PATHS = NO;
				CLANG_ANALYZER_NONNULL = YES;
				CLANG_ANALYZER_NUMBER_OBJECT_CONVERSION = YES_AGGRESSIVE;
				CLANG_CXX_LANGUAGE_STANDARD = "gnu++14";
				CLANG_CXX_LIBRARY = "libc++";
				CLANG_ENABLE_MODULES = YES;
				CLANG_ENABLE_OBJC_ARC = YES;
				CLANG_ENABLE_OBJC_WEAK = YES;
				CLANG_WARN_BLOCK_CAPTURE_AUTORELEASING = YES;
				CLANG_WARN_BOOL_CONVERSION = YES;
				CLANG_WARN_COMMA = YES;
				CLANG_WARN_CONSTANT_CONVERSION = YES;
				CLANG_WARN_DEPRECATED_OBJC_IMPLEMENTATIONS = YES;
				CLANG_WARN_DIRECT_OBJC_ISA_USAGE = YES_ERROR;
				CLANG_WARN_DOCUMENTATION_COMMENTS = YES;
				CLANG_WARN_EMPTY_BODY = YES;
				CLANG_WARN_ENUM_CONVERSION = YES;
				CLANG_WARN_INFINITE_RECURSION = YES;
				CLANG_WARN_INT_CONVERSION = YES;
				CLANG_WARN_NON_LITERAL_NULL_CONVERSION = YES;
				CLANG_WARN_OBJC_IMPLICIT_RETAIN_SELF = YES;
				CLANG_WARN_OBJC_LITERAL_CONVERSION = YES;
				CLANG_WARN_OBJC_ROOT_CLASS = YES_ERROR;
				CLANG_WARN_QUOTED_INCLUDE_IN_FRAMEWORK_HEADER = YES;
				CLANG_WARN_RANGE_LOOP_ANALYSIS = YES;
				CLANG_WARN_STRICT_PROTOTYPES = YES;
				CLANG_WARN_SUSPICIOUS_MOVE = YES;
				CLANG_WARN_UNGUARDED_AVAILABILITY = YES_AGGRESSIVE;
				CLANG_WARN_UNREACHABLE_CODE = YES;
				CLANG_WARN__DUPLICATE_METHOD_MATCH = YES;
				COPY_PHASE_STRIP = NO;
				DEBUG_INFORMATION_FORMAT = dwarf;
				ENABLE_STRICT_OBJC_MSGSEND = YES;
				ENABLE_TESTABILITY = YES;
				GCC_C_LANGUAGE_STANDARD = gnu11;
				GCC_DYNAMIC_NO_PIC = NO;
				GCC_NO_COMMON_BLOCKS = YES;
				GCC_OPTIMIZATION_LEVEL = 0;
				GCC_PREPROCESSOR_DEFINITIONS = (
					"$(inherited)",
					"DEBUG=1",
				);
				GCC_WARN_64_TO_32_BIT_CONVERSION = YES;
				GCC_WARN_ABOUT_RETURN_TYPE = YES_ERROR;
				GCC_WARN_UNDECLARED_SELECTOR = YES;
				GCC_WARN_UNINITIALIZED_AUTOS = YES_AGGRESSIVE;
				GCC_WARN_UNUSED_FUNCTION = YES;
				GCC_WARN_UNUSED_VARIABLE = YES;
				IPHONEOS_DEPLOYMENT_TARGET = 17.0;
				MTL_ENABLE_DEBUG_INFO = INCLUDE_SOURCE;
				MTL_FAST_MATH = YES;
				ONLY_ACTIVE_ARCH = YES;
				PRODUCT_NAME = "$(TARGET_NAME)";
				SDKROOT = iphoneos;
				SWIFT_ACTIVE_COMPILATION_CONDITIONS = DEBUG;
				SWIFT_OPTIMIZATION_LEVEL = "-Onone";
				SWIFT_VERSION = 5.9;
			};
			name = Debug;
		};
		72FC6AB64D2B228E32C8B80C /* Debug */ = {
			isa = XCBuildConfiguration;
			buildSettings = {
				ASSETCATALOG_COMPILER_APPICON_NAME = AppIcon;
				CODE_SIGN_ENTITLEMENTS = BeatStep/Resources/BeatStep.entitlements;
				CODE_SIGN_IDENTITY = "iPhone Developer";
				DEVELOPMENT_TEAM = U396ADBX6D;
				INFOPLIST_FILE = BeatStep/Resources/Info.plist;
				LD_RUNPATH_SEARCH_PATHS = (
					"$(inherited)",
					"@executable_path/Frameworks",
				);
				PRODUCT_BUNDLE_IDENTIFIER = com.beatstep.app;
				SDKROOT = iphoneos;
				TARGETED_DEVICE_FAMILY = "1,2";
			};
			name = Debug;
		};
		77CBA45ABBA17BCEE7EC7586 /* Release */ = {
			isa = XCBuildConfiguration;
			buildSettings = {
				ASSETCATALOG_COMPILER_APPICON_NAME = AppIcon;
				CODE_SIGN_ENTITLEMENTS = BeatStep/Resources/BeatStep.entitlements;
				CODE_SIGN_IDENTITY = "iPhone Developer";
				DEVELOPMENT_TEAM = U396ADBX6D;
				INFOPLIST_FILE = BeatStep/Resources/Info.plist;
				LD_RUNPATH_SEARCH_PATHS = (
					"$(inherited)",
					"@executable_path/Frameworks",
				);
				PRODUCT_BUNDLE_IDENTIFIER = com.beatstep.app;
				SDKROOT = iphoneos;
				TARGETED_DEVICE_FAMILY = "1,2";
			};
			name = Release;
		};
		A2BCB762BDA18FA0EDC36678 /* Debug */ = {
			isa = XCBuildConfiguration;
			buildSettings = {
				BUNDLE_LOADER = "$(TEST_HOST)";
				GENERATE_INFOPLIST_FILE = YES;
				LD_RUNPATH_SEARCH_PATHS = (
					"$(inherited)",
					"@executable_path/Frameworks",
					"@loader_path/Frameworks",
				);
				PRODUCT_BUNDLE_IDENTIFIER = com.beatstep.BeatStepTests;
				SDKROOT = iphoneos;
				TARGETED_DEVICE_FAMILY = "1,2";
				TEST_HOST = "$(BUILT_PRODUCTS_DIR)/BeatStep.app/BeatStep";
			};
			name = Debug;
		};
/* End XCBuildConfiguration section */

/* Begin XCConfigurationList section */
		568996B867DDD37FD6499B87 /* Build configuration list for PBXNativeTarget "BeatStep" */ = {
			isa = XCConfigurationList;
			buildConfigurations = (
				72FC6AB64D2B228E32C8B80C /* Debug */,
				77CBA45ABBA17BCEE7EC7586 /* Release */,
			);
			defaultConfigurationIsVisible = 0;
			defaultConfigurationName = Debug;
		};
		851FA3982D16E59A9996C7E9 /* Build configuration list for PBXNativeTarget "BeatStepTests" */ = {
			isa = XCConfigurationList;
			buildConfigurations = (
				A2BCB762BDA18FA0EDC36678 /* Debug */,
				12831A21860390FBF80BB58E /* Release */,
			);
			defaultConfigurationIsVisible = 0;
			defaultConfigurationName = Debug;
		};
		9438CAB6241D9C87F8D5BF04 /* Build configuration list for PBXProject "BeatStep" */ = {
			isa = XCConfigurationList;
			buildConfigurations = (
				6741E2E903F46CE557B7AC1C /* Debug */,
				5E034CC8560ADF6ADEBF6B61 /* Release */,
			);
			defaultConfigurationIsVisible = 0;
			defaultConfigurationName = Debug;
		};
/* End XCConfigurationList section */

/* Begin XCRemoteSwiftPackageReference section */
		3972D7FB11BA148270473708 /* XCRemoteSwiftPackageReference "ios-sdk" */ = {
			isa = XCRemoteSwiftPackageReference;
			repositoryURL = "https://github.com/spotify/ios-sdk";
			requirement = {
				kind = upToNextMajorVersion;
				minimumVersion = 2.1.4;
			};
		};
		8F4D93FEC6768A29FEC588E5 /* XCRemoteSwiftPackageReference "KeychainAccess" */ = {
			isa = XCRemoteSwiftPackageReference;
			repositoryURL = "https://github.com/kishikawakatsumi/KeychainAccess";
			requirement = {
				kind = upToNextMajorVersion;
				minimumVersion = 4.0.0;
			};
		};
/* End XCRemoteSwiftPackageReference section */

/* Begin XCSwiftPackageProductDependency section */
		1D645A47023EFFA3D0BA0FD8 /* SpotifyiOS */ = {
			isa = XCSwiftPackageProductDependency;
			package = 3972D7FB11BA148270473708 /* XCRemoteSwiftPackageReference "ios-sdk" */;
			productName = SpotifyiOS;
		};
		F71ECCFE50CC9E0DBDAD3512 /* KeychainAccess */ = {
			isa = XCSwiftPackageProductDependency;
			package = 8F4D93FEC6768A29FEC588E5 /* XCRemoteSwiftPackageReference "KeychainAccess" */;
			productName = KeychainAccess;
		};
/* End XCSwiftPackageProductDependency section */
	};
	rootObject = 20563AE1C78F8E32EE69262F /* Project object */;
}
